{
  "version": 4,
  "terraform_version": "1.9.8",
  "serial": 35,
  "lineage": "e2f1f585-850b-4f28-c6e0-04ef00fc50ea",
  "outputs": {
    "ec2ip": {
      "value": "3.236.203.206",
      "type": "string"
    },
    "ec2ip1": {
      "value": "vpc-094579365b61b900d",
      "type": "string"
    },
    "ec2ip11": {
      "value": "10.222.20.0/24",
      "type": "string"
    }
  },
  "resources": [
    {
      "mode": "managed",
      "type": "aws_instance",
      "name": "dev-web1",
      "provider": "provider[\"registry.terraform.io/hashicorp/aws\"]",
      "instances": [
        {
          "schema_version": 1,
          "attributes": {
            "ami": "ami-063d43db0594b521b",
            "arn": "arn:aws:ec2:us-east-1:737795138174:instance/i-0f726010968a3addf",
            "associate_public_ip_address": true,
            "availability_zone": "us-east-1a",
            "capacity_reservation_specification": [
              {
                "capacity_reservation_preference": "open",
                "capacity_reservation_target": []
              }
            ],
            "cpu_core_count": 1,
            "cpu_options": [
              {
                "amd_sev_snp": "",
                "core_count": 1,
                "threads_per_core": 1
              }
            ],
            "cpu_threads_per_core": 1,
            "credit_specification": [
              {
                "cpu_credits": "standard"
              }
            ],
            "disable_api_stop": false,
            "disable_api_termination": false,
            "ebs_block_device": [],
            "ebs_optimized": false,
            "enclave_options": [
              {
                "enabled": false
              }
            ],
            "ephemeral_block_device": [],
            "get_password_data": false,
            "hibernation": false,
            "host_id": "",
            "host_resource_group_arn": null,
            "iam_instance_profile": "",
            "id": "i-0f726010968a3addf",
            "instance_initiated_shutdown_behavior": "stop",
            "instance_lifecycle": "",
            "instance_market_options": [],
            "instance_state": "running",
            "instance_type": "t2.micro",
            "ipv6_address_count": 0,
            "ipv6_addresses": [],
            "key_name": "ec2-dev-250-key",
            "launch_template": [],
            "maintenance_options": [
              {
                "auto_recovery": "default"
              }
            ],
            "metadata_options": [
              {
                "http_endpoint": "enabled",
                "http_protocol_ipv6": "disabled",
                "http_put_response_hop_limit": 2,
                "http_tokens": "required",
                "instance_metadata_tags": "disabled"
              }
            ],
            "monitoring": false,
            "network_interface": [],
            "outpost_arn": "",
            "password_data": "",
            "placement_group": "",
            "placement_partition_number": 0,
            "primary_network_interface_id": "eni-0702f580417be10cf",
            "private_dns": "ip-10-222-20-239.ec2.internal",
            "private_dns_name_options": [
              {
                "enable_resource_name_dns_a_record": false,
                "enable_resource_name_dns_aaaa_record": false,
                "hostname_type": "ip-name"
              }
            ],
            "private_ip": "10.222.20.239",
            "public_dns": "",
            "public_ip": "3.236.203.206",
            "root_block_device": [
              {
                "delete_on_termination": true,
                "device_name": "/dev/xvda",
                "encrypted": false,
                "iops": 3000,
                "kms_key_id": "",
                "tags": {},
                "tags_all": {},
                "throughput": 125,
                "volume_id": "vol-0b5801937f2f7de45",
                "volume_size": 8,
                "volume_type": "gp3"
              }
            ],
            "secondary_private_ips": [],
            "security_groups": [],
            "source_dest_check": true,
            "spot_instance_request_id": "",
            "subnet_id": "subnet-0d716c6c52553ae2c",
            "tags": {
              "Name": "SantuWebServer"
            },
            "tags_all": {
              "Name": "SantuWebServer"
            },
            "tenancy": "default",
            "timeouts": null,
            "user_data": null,
            "user_data_base64": null,
            "user_data_replace_on_change": false,
            "volume_tags": null,
            "vpc_security_group_ids": [
              "sg-08132ed6bf7c66057"
            ]
          },
          "sensitive_attributes": [],
          "private": "eyJlMmJmYjczMC1lY2FhLTExZTYtOGY4OC0zNDM2M2JjN2M0YzAiOnsiY3JlYXRlIjo2MDAwMDAwMDAwMDAsImRlbGV0ZSI6MTIwMDAwMDAwMDAwMCwicmVhZCI6OTAwMDAwMDAwMDAwLCJ1cGRhdGUiOjYwMDAwMDAwMDAwMH0sInNjaGVtYV92ZXJzaW9uIjoiMSJ9",
          "dependencies": [
            "aws_security_group.dev-sg1",
            "aws_subnet.Websubnet"
          ]
        }
      ]
    },
    {
      "mode": "managed",
      "type": "aws_key_pair",
      "name": "ec2_key11",
      "provider": "provider[\"registry.terraform.io/hashicorp/aws\"]",
      "instances": [
        {
          "schema_version": 1,
          "attributes": {
            "arn": "arn:aws:ec2:us-east-1:737795138174:key-pair/ec2-dev-250-key1",
            "fingerprint": "02:12:0f:62:59:34:ee:82:87:c1:07:a2:de:aa:15:89",
            "id": "ec2-dev-250-key1",
            "key_name": "ec2-dev-250-key1",
            "key_name_prefix": "",
            "key_pair_id": "key-0d521e1fdc7fd6f0e",
            "key_type": "rsa",
            "public_key": "ssh-rsa AAAAB3NzaC1yc2EAAAADAQABAAABAQDUr0Zoo0xAl6utWVJPn3lUAjkX9a39L3O9zbVsB+jGW+avkymD5+5IHV/bwLF+QgAt3HNs/13rsLSRsxsvqq5dCvJc132HZa2oSWoJF8db/PI9s6ssbGzgiY0Jg3eCBykfqB+MhcGll713DGecItNvsZ2Bmr3l8rxGL8Z/wBYcGxgisc8yWJEv6jjXit0qYJSD8bAnj8YO55UHEYK8oBwSCm9d7zw7sYObMQTtBrsY/aJteU27+fv2SGQ5PE2ROKZ0JipkbJ2J0/uFL2OTSK21UVV49J+Zd4dgEDBLgfTnuCcOBqJLrYhzBRsCPLecB4X71Jds/LPFusoTBO/sNusX",
            "tags": {
              "Name": "ec2-dev-tls-key11"
            },
            "tags_all": {
              "Name": "ec2-dev-tls-key11"
            }
          },
          "sensitive_attributes": [],
          "private": "eyJzY2hlbWFfdmVyc2lvbiI6IjEifQ==",
          "dependencies": [
            "tls_private_key.devkey11"
          ]
        }
      ]
    },
    {
      "mode": "managed",
      "type": "aws_security_group",
      "name": "dev-sg1",
      "provider": "provider[\"registry.terraform.io/hashicorp/aws\"]",
      "instances": [
        {
          "schema_version": 1,
          "attributes": {
            "arn": "arn:aws:ec2:us-east-1:737795138174:security-group/sg-08132ed6bf7c66057",
            "description": "Dev web server traffic allowed ssh \u0026 http",
            "egress": [
              {
                "cidr_blocks": [
                  "0.0.0.0/0"
                ],
                "description": "",
                "from_port": 0,
                "ipv6_cidr_blocks": [],
                "prefix_list_ids": [],
                "protocol": "-1",
                "security_groups": [],
                "self": false,
                "to_port": 0
              }
            ],
            "id": "sg-08132ed6bf7c66057",
            "ingress": [
              {
                "cidr_blocks": [
                  "0.0.0.0/0"
                ],
                "description": "",
                "from_port": 22,
                "ipv6_cidr_blocks": [],
                "prefix_list_ids": [],
                "protocol": "tcp",
                "security_groups": [],
                "self": false,
                "to_port": 22
              },
              {
                "cidr_blocks": [
                  "0.0.0.0/0"
                ],
                "description": "",
                "from_port": 80,
                "ipv6_cidr_blocks": [],
                "prefix_list_ids": [],
                "protocol": "tcp",
                "security_groups": [],
                "self": false,
                "to_port": 80
              }
            ],
            "name": "dev-web-ssh-sg1",
            "name_prefix": "",
            "owner_id": "737795138174",
            "revoke_rules_on_delete": false,
            "tags": {},
            "tags_all": {},
            "timeouts": null,
            "vpc_id": "vpc-094579365b61b900d"
          },
          "sensitive_attributes": [],
          "private": "eyJlMmJmYjczMC1lY2FhLTExZTYtOGY4OC0zNDM2M2JjN2M0YzAiOnsiY3JlYXRlIjo2MDAwMDAwMDAwMDAsImRlbGV0ZSI6OTAwMDAwMDAwMDAwfSwic2NoZW1hX3ZlcnNpb24iOiIxIn0="
        }
      ]
    },
    {
      "mode": "managed",
      "type": "aws_subnet",
      "name": "Websubnet",
      "provider": "provider[\"registry.terraform.io/hashicorp/aws\"]",
      "instances": [
        {
          "schema_version": 1,
          "attributes": {
            "arn": "arn:aws:ec2:us-east-1:737795138174:subnet/subnet-0d716c6c52553ae2c",
            "assign_ipv6_address_on_creation": false,
            "availability_zone": "us-east-1a",
            "availability_zone_id": "use1-az1",
            "cidr_block": "10.222.20.0/24",
            "customer_owned_ipv4_pool": "",
            "enable_dns64": false,
            "enable_lni_at_device_index": 0,
            "enable_resource_name_dns_a_record_on_launch": false,
            "enable_resource_name_dns_aaaa_record_on_launch": false,
            "id": "subnet-0d716c6c52553ae2c",
            "ipv6_cidr_block": "",
            "ipv6_cidr_block_association_id": "",
            "ipv6_native": false,
            "map_customer_owned_ip_on_launch": false,
            "map_public_ip_on_launch": true,
            "outpost_arn": "",
            "owner_id": "737795138174",
            "private_dns_hostname_type_on_launch": "ip-name",
            "tags": {
              "Name": "Websubnet1"
            },
            "tags_all": {
              "Name": "Websubnet1"
            },
            "timeouts": null,
            "vpc_id": "vpc-094579365b61b900d"
          },
          "sensitive_attributes": [],
          "private": "eyJlMmJmYjczMC1lY2FhLTExZTYtOGY4OC0zNDM2M2JjN2M0YzAiOnsiY3JlYXRlIjo2MDAwMDAwMDAwMDAsImRlbGV0ZSI6MTIwMDAwMDAwMDAwMH0sInNjaGVtYV92ZXJzaW9uIjoiMSJ9"
        }
      ]
    },
    {
      "mode": "managed",
      "type": "aws_subnet",
      "name": "Websubnet1",
      "provider": "provider[\"registry.terraform.io/hashicorp/aws\"]",
      "instances": [
        {
          "schema_version": 1,
          "attributes": {
            "arn": "arn:aws:ec2:us-east-1:737795138174:subnet/subnet-07b2d910c2bd21f9c",
            "assign_ipv6_address_on_creation": false,
            "availability_zone": "us-east-1b",
            "availability_zone_id": "use1-az2",
            "cidr_block": "10.222.21.0/24",
            "customer_owned_ipv4_pool": "",
            "enable_dns64": false,
            "enable_lni_at_device_index": 0,
            "enable_resource_name_dns_a_record_on_launch": false,
            "enable_resource_name_dns_aaaa_record_on_launch": false,
            "id": "subnet-07b2d910c2bd21f9c",
            "ipv6_cidr_block": "",
            "ipv6_cidr_block_association_id": "",
            "ipv6_native": false,
            "map_customer_owned_ip_on_launch": false,
            "map_public_ip_on_launch": true,
            "outpost_arn": "",
            "owner_id": "737795138174",
            "private_dns_hostname_type_on_launch": "ip-name",
            "tags": {
              "Name": "Websubnet2"
            },
            "tags_all": {
              "Name": "Websubnet2"
            },
            "timeouts": null,
            "vpc_id": "vpc-094579365b61b900d"
          },
          "sensitive_attributes": [],
          "private": "eyJlMmJmYjczMC1lY2FhLTExZTYtOGY4OC0zNDM2M2JjN2M0YzAiOnsiY3JlYXRlIjo2MDAwMDAwMDAwMDAsImRlbGV0ZSI6MTIwMDAwMDAwMDAwMH0sInNjaGVtYV92ZXJzaW9uIjoiMSJ9"
        }
      ]
    },
    {
      "mode": "managed",
      "type": "aws_vpc_security_group_egress_rule",
      "name": "dev-egress",
      "provider": "provider[\"registry.terraform.io/hashicorp/aws\"]",
      "instances": [
        {
          "schema_version": 0,
          "attributes": {
            "arn": "arn:aws:ec2:us-east-1:737795138174:security-group-rule/sgr-014227d363e4d0a1b",
            "cidr_ipv4": "0.0.0.0/0",
            "cidr_ipv6": null,
            "description": null,
            "from_port": null,
            "id": "sgr-014227d363e4d0a1b",
            "ip_protocol": "-1",
            "prefix_list_id": null,
            "referenced_security_group_id": null,
            "security_group_id": "sg-08132ed6bf7c66057",
            "security_group_rule_id": "sgr-014227d363e4d0a1b",
            "tags": null,
            "tags_all": {},
            "to_port": null
          },
          "sensitive_attributes": [],
          "dependencies": [
            "aws_security_group.dev-sg1"
          ]
        }
      ]
    },
    {
      "mode": "managed",
      "type": "aws_vpc_security_group_ingress_rule",
      "name": "dev-ingress-22",
      "provider": "provider[\"registry.terraform.io/hashicorp/aws\"]",
      "instances": [
        {
          "schema_version": 0,
          "attributes": {
            "arn": "arn:aws:ec2:us-east-1:737795138174:security-group-rule/sgr-03f622c8359592341",
            "cidr_ipv4": "0.0.0.0/0",
            "cidr_ipv6": null,
            "description": null,
            "from_port": 22,
            "id": "sgr-03f622c8359592341",
            "ip_protocol": "tcp",
            "prefix_list_id": null,
            "referenced_security_group_id": null,
            "security_group_id": "sg-08132ed6bf7c66057",
            "security_group_rule_id": "sgr-03f622c8359592341",
            "tags": null,
            "tags_all": {},
            "to_port": 22
          },
          "sensitive_attributes": [],
          "dependencies": [
            "aws_security_group.dev-sg1"
          ]
        }
      ]
    },
    {
      "mode": "managed",
      "type": "aws_vpc_security_group_ingress_rule",
      "name": "dev-ingress-80",
      "provider": "provider[\"registry.terraform.io/hashicorp/aws\"]",
      "instances": [
        {
          "schema_version": 0,
          "attributes": {
            "arn": "arn:aws:ec2:us-east-1:737795138174:security-group-rule/sgr-0723db70c53c7811d",
            "cidr_ipv4": "0.0.0.0/0",
            "cidr_ipv6": null,
            "description": null,
            "from_port": 80,
            "id": "sgr-0723db70c53c7811d",
            "ip_protocol": "tcp",
            "prefix_list_id": null,
            "referenced_security_group_id": null,
            "security_group_id": "sg-08132ed6bf7c66057",
            "security_group_rule_id": "sgr-0723db70c53c7811d",
            "tags": null,
            "tags_all": {},
            "to_port": 80
          },
          "sensitive_attributes": [],
          "dependencies": [
            "aws_security_group.dev-sg1"
          ]
        }
      ]
    },
    {
      "mode": "managed",
      "type": "local_file",
      "name": "devk1_pem1",
      "provider": "provider[\"registry.terraform.io/hashicorp/local\"]",
      "instances": [
        {
          "schema_version": 0,
          "attributes": {
            "content": "-----BEGIN RSA PRIVATE KEY-----\nMIIEpQIBAAKCAQEA1K9GaKNMQJerrVlST595VAI5F/Wt/S9zvc21bAfoxlvmr5Mp\ng+fuSB1f28CxfkIALdxzbP9d67C0kbMbL6quXQryXNd9h2WtqElqCRfHW/zyPbOr\nLGxs4ImNCYN3ggcpH6gfjIXBpZe9dwxnnCLTb7GdgZq95fK8Ri/Gf8AWHBsYIrHP\nMliRL+o414rdKmCUg/GwJ4/GDueVBxGCvKAcEgpvXe88O7GDmzEE7Qa7GP2ibXlN\nu/n79khkOTxNkTimdCYqZGydidP7hS9jk0ittVFVePSfmXeHYBAwS4H057gnDgai\nS62IcwUbAjy3nAeF+9SXbPyzxbrKEwTv7DbrFwIDAQABAoIBAQCd679l9sqps3S/\n9HDPumQGYtgt2DhmpJNWPaYWHxFSJ+70M1tCHDaryVPiAgRI8YzcgLIcHsmINd79\nyHXJQPzTDUvEcCU/Idp9+HUJZ2SaAwmDkyLoi2GUn83fYISeQd7hKJ60YqTU5gTC\nnq1YG+vPJZ0EHPggA8qUeujy9pf0KTbVac9yLPWK0RXd3IdBW7POoSDIuHDOd4kE\nMMceLYR+0mi82Mc+xFhctd24W4Pa6YSyrHHcJRTs5nhdP7gdzN1QR+904MNYOzgU\nuFvVur+juBKiDiMSx67103wPqYJuoIDIQ2mrTXgNChpDxt3++cdWcDsD5ivadsDj\n/aWZmvKRAoGBAPjzv3eNgwZaThMZHYF/T0CDRX8GN93/B0xA9u2aNUek/f+aevA3\n5yN2oAY44bymET7AyB3yguUS6MYfnJcYko3gedE3atofdk3CQhHS4tKJt49cgJJR\n89byITwH5vc9wcF1f91zTcN8L8qWwDH9Gjz+xNePcdPWzL5rPAFBPEPNAoGBANq0\nrsoY8qrfrP/XGSCMVvbVHnWIHIveC1H16jVEe5ZLXUP3VrBUaKqb3n6U3jF56bq9\nTLao4rAPpBBtxlyepcOT4zrsC68aiTG7z+iepENHVka3KIL9XXHW2h8/xyDY553/\ncoE4KrkdPyTEPYUjPJWdqjLClyz9Z4KAxKRDbE5zAoGABI7yAo5kx8j/hPoAwE5E\ndTnyG9FRVI9G4u6Nluwr7ZPn0rZRafScFtolM/f2qi2gQzXkdCfsnaUq/fW2OE4K\n4O4rTNlm63eIAwR7kTf7Tz+WTNm0wPkfLeBhG2hJol1PHuu326Yw1lN/zIXWHxQz\nVsqTcB8ARpC4TwRHpP48zEECgYEAzRVnXk3cqI0Mve/nORVAqz+Xy2CyXBoAhX/T\netXYCkxrjcNPABR2/Z0iG5LfdIe8vAas/BAMWkqgb2NxAgMmr+pqxyL3peB9TCyw\nvpKcuBYZ+j/gdky+JnTxnyIASXX8Y7VZm4Ce121se76lbcZoFmh9ZBIDDwYk3USA\noQQ0eK8CgYEA0gvQkeNb1/1sJczzDMwrUcG+DS777AoSHGeIyJ6tfLSDxIeGi+4Z\nfSdbmA/k0k5D2ps/44JSt1jsBsKInu4k23/wqnZXumLrtWmsuc6mpRv5U55XBNh8\nsX7IjhLSILGVp/0x25G6yvw60vLHN6P87jxENEjFSHHBu9wj+VTBaP0=\n-----END RSA PRIVATE KEY-----\n",
            "content_base64": null,
            "content_base64sha256": "L/kRZlB8RdnoD626abu3RkpU7TQdW6FBisrKNaTxPZg=",
            "content_base64sha512": "q+qOZuSY04RSME9J5v02XLSdEc8c4bperixnh0AM7fCR1SXP3qAOSCcFr5miCH7+NfyC4QcV4Oovgj2dwMkYlw==",
            "content_md5": "f1f8d5dff0e3ec8cc01cc3c69e340a5d",
            "content_sha1": "442bb271b22941515895115d10459f2749e3447b",
            "content_sha256": "2ff91166507c45d9e80fadba69bbb7464a54ed341d5ba1418acaca35a4f13d98",
            "content_sha512": "abea8e66e498d38452304f49e6fd365cb49d11cf1ce1ba5eae2c6787400cedf091d525cfdea00e482705af99a2087efe35fc82e10715e0ea2f823d9dc0c91897",
            "directory_permission": "0777",
            "file_permission": "0400",
            "filename": "ec2-dev-250-key.pem",
            "id": "442bb271b22941515895115d10459f2749e3447b",
            "sensitive_content": null,
            "source": null
          },
          "sensitive_attributes": [
            [
              {
                "type": "get_attr",
                "value": "sensitive_content"
              }
            ],
            [
              {
                "type": "get_attr",
                "value": "content"
              }
            ]
          ],
          "dependencies": [
            "tls_private_key.devkey11"
          ]
        }
      ]
    },
    {
      "mode": "managed",
      "type": "tls_private_key",
      "name": "devkey11",
      "provider": "provider[\"registry.terraform.io/hashicorp/tls\"]",
      "instances": [
        {
          "schema_version": 1,
          "attributes": {
            "algorithm": "RSA",
            "ecdsa_curve": "P224",
            "id": "d878358f251b6804bad1235cccaecae303ddd8eb",
            "private_key_openssh": "-----BEGIN OPENSSH PRIVATE KEY-----\nb3BlbnNzaC1rZXktdjEAAAAABG5vbmUAAAAEbm9uZQAAAAAAAAABAAABFwAAAAdz\nc2gtcnNhAAAAAwEAAQAAAQEA1K9GaKNMQJerrVlST595VAI5F/Wt/S9zvc21bAfo\nxlvmr5Mpg+fuSB1f28CxfkIALdxzbP9d67C0kbMbL6quXQryXNd9h2WtqElqCRfH\nW/zyPbOrLGxs4ImNCYN3ggcpH6gfjIXBpZe9dwxnnCLTb7GdgZq95fK8Ri/Gf8AW\nHBsYIrHPMliRL+o414rdKmCUg/GwJ4/GDueVBxGCvKAcEgpvXe88O7GDmzEE7Qa7\nGP2ibXlNu/n79khkOTxNkTimdCYqZGydidP7hS9jk0ittVFVePSfmXeHYBAwS4H0\n57gnDgaiS62IcwUbAjy3nAeF+9SXbPyzxbrKEwTv7DbrFwAAA7hoXa/GaF2vxgAA\nAAdzc2gtcnNhAAABAQDUr0Zoo0xAl6utWVJPn3lUAjkX9a39L3O9zbVsB+jGW+av\nkymD5+5IHV/bwLF+QgAt3HNs/13rsLSRsxsvqq5dCvJc132HZa2oSWoJF8db/PI9\ns6ssbGzgiY0Jg3eCBykfqB+MhcGll713DGecItNvsZ2Bmr3l8rxGL8Z/wBYcGxgi\nsc8yWJEv6jjXit0qYJSD8bAnj8YO55UHEYK8oBwSCm9d7zw7sYObMQTtBrsY/aJt\neU27+fv2SGQ5PE2ROKZ0JipkbJ2J0/uFL2OTSK21UVV49J+Zd4dgEDBLgfTnuCcO\nBqJLrYhzBRsCPLecB4X71Jds/LPFusoTBO/sNusXAAAAAwEAAQAAAQEAneu/ZfbK\nqbN0v/Rwz7pkBmLYLdg4ZqSTVj2mFh8RUifu9DNbQhw2q8lT4gIESPGM3ICyHB7J\niDXe/ch1yUD80w1LxHAlPyHaffh1CWdkmgMJg5Mi6IthlJ/N32CEnkHe4SietGKk\n1OYEwp6tWBvrzyWdBBz4IAPKlHro8vaX9Ck21WnPciz1itEV3dyHQVuzzqEgyLhw\nzneJBDDHHi2EftJovNjHPsRYXLXduFuD2umEsqxx3CUU7OZ4XT+4HczdUEfvdODD\nWDs4FLhb1bq/o7gSog4jEseu9dN8D6mCbqCAyENpq014DQoaQ8bd/vnHVnA7A+Yr\n2nbA4/2lmZrykQAAAIEA0gvQkeNb1/1sJczzDMwrUcG+DS777AoSHGeIyJ6tfLSD\nxIeGi+4ZfSdbmA/k0k5D2ps/44JSt1jsBsKInu4k23/wqnZXumLrtWmsuc6mpRv5\nU55XBNh8sX7IjhLSILGVp/0x25G6yvw60vLHN6P87jxENEjFSHHBu9wj+VTBaP0A\nAACBAPjzv3eNgwZaThMZHYF/T0CDRX8GN93/B0xA9u2aNUek/f+aevA35yN2oAY4\n4bymET7AyB3yguUS6MYfnJcYko3gedE3atofdk3CQhHS4tKJt49cgJJR89byITwH\n5vc9wcF1f91zTcN8L8qWwDH9Gjz+xNePcdPWzL5rPAFBPEPNAAAAgQDatK7KGPKq\n36z/1xkgjFb21R51iByL3gtR9eo1RHuWS11D91awVGiqm95+lN4xeem6vUy2qOKw\nD6QQbcZcnqXDk+M67AuvGokxu8/onqRDR1ZGtyiC/V1x1tofP8cg2Oed/3KBOCq5\nHT8kxD2FIzyVnaoywpcs/WeCgMSkQ2xOcwAAAAAB\n-----END OPENSSH PRIVATE KEY-----\n",
            "private_key_pem": "-----BEGIN RSA PRIVATE KEY-----\nMIIEpQIBAAKCAQEA1K9GaKNMQJerrVlST595VAI5F/Wt/S9zvc21bAfoxlvmr5Mp\ng+fuSB1f28CxfkIALdxzbP9d67C0kbMbL6quXQryXNd9h2WtqElqCRfHW/zyPbOr\nLGxs4ImNCYN3ggcpH6gfjIXBpZe9dwxnnCLTb7GdgZq95fK8Ri/Gf8AWHBsYIrHP\nMliRL+o414rdKmCUg/GwJ4/GDueVBxGCvKAcEgpvXe88O7GDmzEE7Qa7GP2ibXlN\nu/n79khkOTxNkTimdCYqZGydidP7hS9jk0ittVFVePSfmXeHYBAwS4H057gnDgai\nS62IcwUbAjy3nAeF+9SXbPyzxbrKEwTv7DbrFwIDAQABAoIBAQCd679l9sqps3S/\n9HDPumQGYtgt2DhmpJNWPaYWHxFSJ+70M1tCHDaryVPiAgRI8YzcgLIcHsmINd79\nyHXJQPzTDUvEcCU/Idp9+HUJZ2SaAwmDkyLoi2GUn83fYISeQd7hKJ60YqTU5gTC\nnq1YG+vPJZ0EHPggA8qUeujy9pf0KTbVac9yLPWK0RXd3IdBW7POoSDIuHDOd4kE\nMMceLYR+0mi82Mc+xFhctd24W4Pa6YSyrHHcJRTs5nhdP7gdzN1QR+904MNYOzgU\nuFvVur+juBKiDiMSx67103wPqYJuoIDIQ2mrTXgNChpDxt3++cdWcDsD5ivadsDj\n/aWZmvKRAoGBAPjzv3eNgwZaThMZHYF/T0CDRX8GN93/B0xA9u2aNUek/f+aevA3\n5yN2oAY44bymET7AyB3yguUS6MYfnJcYko3gedE3atofdk3CQhHS4tKJt49cgJJR\n89byITwH5vc9wcF1f91zTcN8L8qWwDH9Gjz+xNePcdPWzL5rPAFBPEPNAoGBANq0\nrsoY8qrfrP/XGSCMVvbVHnWIHIveC1H16jVEe5ZLXUP3VrBUaKqb3n6U3jF56bq9\nTLao4rAPpBBtxlyepcOT4zrsC68aiTG7z+iepENHVka3KIL9XXHW2h8/xyDY553/\ncoE4KrkdPyTEPYUjPJWdqjLClyz9Z4KAxKRDbE5zAoGABI7yAo5kx8j/hPoAwE5E\ndTnyG9FRVI9G4u6Nluwr7ZPn0rZRafScFtolM/f2qi2gQzXkdCfsnaUq/fW2OE4K\n4O4rTNlm63eIAwR7kTf7Tz+WTNm0wPkfLeBhG2hJol1PHuu326Yw1lN/zIXWHxQz\nVsqTcB8ARpC4TwRHpP48zEECgYEAzRVnXk3cqI0Mve/nORVAqz+Xy2CyXBoAhX/T\netXYCkxrjcNPABR2/Z0iG5LfdIe8vAas/BAMWkqgb2NxAgMmr+pqxyL3peB9TCyw\nvpKcuBYZ+j/gdky+JnTxnyIASXX8Y7VZm4Ce121se76lbcZoFmh9ZBIDDwYk3USA\noQQ0eK8CgYEA0gvQkeNb1/1sJczzDMwrUcG+DS777AoSHGeIyJ6tfLSDxIeGi+4Z\nfSdbmA/k0k5D2ps/44JSt1jsBsKInu4k23/wqnZXumLrtWmsuc6mpRv5U55XBNh8\nsX7IjhLSILGVp/0x25G6yvw60vLHN6P87jxENEjFSHHBu9wj+VTBaP0=\n-----END RSA PRIVATE KEY-----\n",
            "private_key_pem_pkcs8": "-----BEGIN PRIVATE KEY-----\nMIIEvwIBADANBgkqhkiG9w0BAQEFAASCBKkwggSlAgEAAoIBAQDUr0Zoo0xAl6ut\nWVJPn3lUAjkX9a39L3O9zbVsB+jGW+avkymD5+5IHV/bwLF+QgAt3HNs/13rsLSR\nsxsvqq5dCvJc132HZa2oSWoJF8db/PI9s6ssbGzgiY0Jg3eCBykfqB+MhcGll713\nDGecItNvsZ2Bmr3l8rxGL8Z/wBYcGxgisc8yWJEv6jjXit0qYJSD8bAnj8YO55UH\nEYK8oBwSCm9d7zw7sYObMQTtBrsY/aJteU27+fv2SGQ5PE2ROKZ0JipkbJ2J0/uF\nL2OTSK21UVV49J+Zd4dgEDBLgfTnuCcOBqJLrYhzBRsCPLecB4X71Jds/LPFusoT\nBO/sNusXAgMBAAECggEBAJ3rv2X2yqmzdL/0cM+6ZAZi2C3YOGakk1Y9phYfEVIn\n7vQzW0IcNqvJU+ICBEjxjNyAshweyYg13v3IdclA/NMNS8RwJT8h2n34dQlnZJoD\nCYOTIuiLYZSfzd9ghJ5B3uEonrRipNTmBMKerVgb688lnQQc+CADypR66PL2l/Qp\nNtVpz3Is9YrRFd3ch0Fbs86hIMi4cM53iQQwxx4thH7SaLzYxz7EWFy13bhbg9rp\nhLKscdwlFOzmeF0/uB3M3VBH73Tgw1g7OBS4W9W6v6O4EqIOIxLHrvXTfA+pgm6g\ngMhDaatNeA0KGkPG3f75x1ZwOwPmK9p2wOP9pZma8pECgYEA+PO/d42DBlpOExkd\ngX9PQINFfwY33f8HTED27Zo1R6T9/5p68DfnI3agBjjhvKYRPsDIHfKC5RLoxh+c\nlxiSjeB50Tdq2h92TcJCEdLi0om3j1yAklHz1vIhPAfm9z3BwXV/3XNNw3wvypbA\nMf0aPP7E149x09bMvms8AUE8Q80CgYEA2rSuyhjyqt+s/9cZIIxW9tUedYgci94L\nUfXqNUR7lktdQ/dWsFRoqpvefpTeMXnpur1MtqjisA+kEG3GXJ6lw5PjOuwLrxqJ\nMbvP6J6kQ0dWRrcogv1dcdbaHz/HINjnnf9ygTgquR0/JMQ9hSM8lZ2qMsKXLP1n\ngoDEpENsTnMCgYAEjvICjmTHyP+E+gDATkR1OfIb0VFUj0bi7o2W7Cvtk+fStlFp\n9JwW2iUz9/aqLaBDNeR0J+ydpSr99bY4Tgrg7itM2Wbrd4gDBHuRN/tPP5ZM2bTA\n+R8t4GEbaEmiXU8e67fbpjDWU3/MhdYfFDNWypNwHwBGkLhPBEek/jzMQQKBgQDN\nFWdeTdyojQy97+c5FUCrP5fLYLJcGgCFf9N61dgKTGuNw08AFHb9nSIbkt90h7y8\nBqz8EAxaSqBvY3ECAyav6mrHIvel4H1MLLC+kpy4Fhn6P+B2TL4mdPGfIgBJdfxj\ntVmbgJ7XbWx7vqVtxmgWaH1kEgMPBiTdRIChBDR4rwKBgQDSC9CR41vX/WwlzPMM\nzCtRwb4NLvvsChIcZ4jInq18tIPEh4aL7hl9J1uYD+TSTkPamz/jglK3WOwGwoie\n7iTbf/Cqdle6Yuu1aay5zqalG/lTnlcE2HyxfsiOEtIgsZWn/THbkbrK/DrS8sc3\no/zuPEQ0SMVIccG73CP5VMFo/Q==\n-----END PRIVATE KEY-----\n",
            "public_key_fingerprint_md5": "a5:d1:61:c0:6d:c7:5b:dc:73:12:6d:aa:fd:cc:10:b8",
            "public_key_fingerprint_sha256": "SHA256:pBtymjEG36GOBuy0TYIfqot56p2RVBQ5dHKUmzFpjvA",
            "public_key_openssh": "ssh-rsa AAAAB3NzaC1yc2EAAAADAQABAAABAQDUr0Zoo0xAl6utWVJPn3lUAjkX9a39L3O9zbVsB+jGW+avkymD5+5IHV/bwLF+QgAt3HNs/13rsLSRsxsvqq5dCvJc132HZa2oSWoJF8db/PI9s6ssbGzgiY0Jg3eCBykfqB+MhcGll713DGecItNvsZ2Bmr3l8rxGL8Z/wBYcGxgisc8yWJEv6jjXit0qYJSD8bAnj8YO55UHEYK8oBwSCm9d7zw7sYObMQTtBrsY/aJteU27+fv2SGQ5PE2ROKZ0JipkbJ2J0/uFL2OTSK21UVV49J+Zd4dgEDBLgfTnuCcOBqJLrYhzBRsCPLecB4X71Jds/LPFusoTBO/sNusX\n",
            "public_key_pem": "-----BEGIN PUBLIC KEY-----\nMIIBIjANBgkqhkiG9w0BAQEFAAOCAQ8AMIIBCgKCAQEA1K9GaKNMQJerrVlST595\nVAI5F/Wt/S9zvc21bAfoxlvmr5Mpg+fuSB1f28CxfkIALdxzbP9d67C0kbMbL6qu\nXQryXNd9h2WtqElqCRfHW/zyPbOrLGxs4ImNCYN3ggcpH6gfjIXBpZe9dwxnnCLT\nb7GdgZq95fK8Ri/Gf8AWHBsYIrHPMliRL+o414rdKmCUg/GwJ4/GDueVBxGCvKAc\nEgpvXe88O7GDmzEE7Qa7GP2ibXlNu/n79khkOTxNkTimdCYqZGydidP7hS9jk0it\ntVFVePSfmXeHYBAwS4H057gnDgaiS62IcwUbAjy3nAeF+9SXbPyzxbrKEwTv7Dbr\nFwIDAQAB\n-----END PUBLIC KEY-----\n",
            "rsa_bits": 2048
          },
          "sensitive_attributes": [
            [
              {
                "type": "get_attr",
                "value": "private_key_openssh"
              }
            ],
            [
              {
                "type": "get_attr",
                "value": "private_key_pem"
              }
            ],
            [
              {
                "type": "get_attr",
                "value": "private_key_pem_pkcs8"
              }
            ]
          ]
        }
      ]
    }
  ],
  "check_results": null
}
